// !$*UTF8*$!
{
	archiveVersion = 1;
	classes = {
	};
	objectVersion = 56;
	objects = {

/* Begin PBXBuildFile section */
		1E2D97372B0BE9F400C0101F /* ImageMeta.swift in Sources */ = {isa = PBXBuildFile; fileRef = 1E2D97362B0BE9F400C0101F /* ImageMeta.swift */; };
		1E2D97392B0BEA4600C0101F /* ImageMetaDecoder.swift in Sources */ = {isa = PBXBuildFile; fileRef = 1E2D97382B0BEA4600C0101F /* ImageMetaDecoder.swift */; };
		1E2D973B2B0BED7500C0101F /* PhotoLibraryAuthorizer.swift in Sources */ = {isa = PBXBuildFile; fileRef = 1E2D973A2B0BED7500C0101F /* PhotoLibraryAuthorizer.swift */; };
		1E6189832B0B9CB30068A0B2 /* AppDelegate.swift in Sources */ = {isa = PBXBuildFile; fileRef = 1E6189822B0B9CB30068A0B2 /* AppDelegate.swift */; };
		1E6189852B0B9CB30068A0B2 /* SceneDelegate.swift in Sources */ = {isa = PBXBuildFile; fileRef = 1E6189842B0B9CB30068A0B2 /* SceneDelegate.swift */; };
		1E6189872B0B9CB30068A0B2 /* MainViewController.swift in Sources */ = {isa = PBXBuildFile; fileRef = 1E6189862B0B9CB30068A0B2 /* MainViewController.swift */; };
		1E61898A2B0B9CB30068A0B2 /* Main.storyboard in Resources */ = {isa = PBXBuildFile; fileRef = 1E6189882B0B9CB30068A0B2 /* Main.storyboard */; };
		1E61898D2B0B9CB30068A0B2 /* PhotoWeatherApp.xcdatamodeld in Sources */ = {isa = PBXBuildFile; fileRef = 1E61898B2B0B9CB30068A0B2 /* PhotoWeatherApp.xcdatamodeld */; };
		1E61898F2B0B9CB40068A0B2 /* Assets.xcassets in Resources */ = {isa = PBXBuildFile; fileRef = 1E61898E2B0B9CB40068A0B2 /* Assets.xcassets */; };
		1E6189922B0B9CB40068A0B2 /* LaunchScreen.storyboard in Resources */ = {isa = PBXBuildFile; fileRef = 1E6189902B0B9CB40068A0B2 /* LaunchScreen.storyboard */; };
		1E61899D2B0B9CB50068A0B2 /* PhotoWeatherAppTests.swift in Sources */ = {isa = PBXBuildFile; fileRef = 1E61899C2B0B9CB50068A0B2 /* PhotoWeatherAppTests.swift */; };
		1E6189A72B0B9CB50068A0B2 /* PhotoWeatherAppUITests.swift in Sources */ = {isa = PBXBuildFile; fileRef = 1E6189A62B0B9CB50068A0B2 /* PhotoWeatherAppUITests.swift */; };
		1E6189A92B0B9CB50068A0B2 /* PhotoWeatherAppUITestsLaunchTests.swift in Sources */ = {isa = PBXBuildFile; fileRef = 1E6189A82B0B9CB50068A0B2 /* PhotoWeatherAppUITestsLaunchTests.swift */; };
		1EF8FF432B0BC04E00202A2D /* ImagePicker.swift in Sources */ = {isa = PBXBuildFile; fileRef = 1EF8FF422B0BC04E00202A2D /* ImagePicker.swift */; };
		6987FA58BE8E0D44CBC0748C /* Pods_PhotoWeatherAppTests.framework in Frameworks */ = {isa = PBXBuildFile; fileRef = 72607FC4B1A17B7DF1C8402A /* Pods_PhotoWeatherAppTests.framework */; };
		B6FE6E6998B95429D983DAEA /* Pods_PhotoWeatherApp.framework in Frameworks */ = {isa = PBXBuildFile; fileRef = 6CD144E50EBC7E57C1B0E949 /* Pods_PhotoWeatherApp.framework */; };
		E910DD8D605940C4B2CA924E /* Pods_PhotoWeatherApp_PhotoWeatherAppUITests.framework in Frameworks */ = {isa = PBXBuildFile; fileRef = EC07C33DBF9243C31846AD00 /* Pods_PhotoWeatherApp_PhotoWeatherAppUITests.framework */; };
/* End PBXBuildFile section */

/* Begin PBXContainerItemProxy section */
		1E6189992B0B9CB50068A0B2 /* PBXContainerItemProxy */ = {
			isa = PBXContainerItemProxy;
			containerPortal = 1E6189772B0B9CB30068A0B2 /* Project object */;
			proxyType = 1;
			remoteGlobalIDString = 1E61897E2B0B9CB30068A0B2;
			remoteInfo = PhotoWeatherApp;
		};
		1E6189A32B0B9CB50068A0B2 /* PBXContainerItemProxy */ = {
			isa = PBXContainerItemProxy;
			containerPortal = 1E6189772B0B9CB30068A0B2 /* Project object */;
			proxyType = 1;
			remoteGlobalIDString = 1E61897E2B0B9CB30068A0B2;
			remoteInfo = PhotoWeatherApp;
		};
/* End PBXContainerItemProxy section */

/* Begin PBXFileReference section */
		1DD0EA005878EA156686C227 /* Pods-PhotoWeatherApp-PhotoWeatherAppUITests.debug.xcconfig */ = {isa = PBXFileReference; includeInIndex = 1; lastKnownFileType = text.xcconfig; name = "Pods-PhotoWeatherApp-PhotoWeatherAppUITests.debug.xcconfig"; path = "Target Support Files/Pods-PhotoWeatherApp-PhotoWeatherAppUITests/Pods-PhotoWeatherApp-PhotoWeatherAppUITests.debug.xcconfig"; sourceTree = "<group>"; };
		1E2D97362B0BE9F400C0101F /* ImageMeta.swift */ = {isa = PBXFileReference; lastKnownFileType = sourcecode.swift; path = ImageMeta.swift; sourceTree = "<group>"; };
		1E2D97382B0BEA4600C0101F /* ImageMetaDecoder.swift */ = {isa = PBXFileReference; lastKnownFileType = sourcecode.swift; path = ImageMetaDecoder.swift; sourceTree = "<group>"; };
		1E2D973A2B0BED7500C0101F /* PhotoLibraryAuthorizer.swift */ = {isa = PBXFileReference; lastKnownFileType = sourcecode.swift; path = PhotoLibraryAuthorizer.swift; sourceTree = "<group>"; };
		1E61897F2B0B9CB30068A0B2 /* Photo Weather.app */ = {isa = PBXFileReference; explicitFileType = wrapper.application; includeInIndex = 0; path = "Photo Weather.app"; sourceTree = BUILT_PRODUCTS_DIR; };
		1E6189822B0B9CB30068A0B2 /* AppDelegate.swift */ = {isa = PBXFileReference; lastKnownFileType = sourcecode.swift; path = AppDelegate.swift; sourceTree = "<group>"; };
		1E6189842B0B9CB30068A0B2 /* SceneDelegate.swift */ = {isa = PBXFileReference; lastKnownFileType = sourcecode.swift; path = SceneDelegate.swift; sourceTree = "<group>"; };
		1E6189862B0B9CB30068A0B2 /* MainViewController.swift */ = {isa = PBXFileReference; lastKnownFileType = sourcecode.swift; path = MainViewController.swift; sourceTree = "<group>"; };
		1E6189892B0B9CB30068A0B2 /* Base */ = {isa = PBXFileReference; lastKnownFileType = file.storyboard; name = Base; path = Base.lproj/Main.storyboard; sourceTree = "<group>"; };
		1E61898C2B0B9CB30068A0B2 /* PhotoWeatherApp.xcdatamodel */ = {isa = PBXFileReference; lastKnownFileType = wrapper.xcdatamodel; path = PhotoWeatherApp.xcdatamodel; sourceTree = "<group>"; };
		1E61898E2B0B9CB40068A0B2 /* Assets.xcassets */ = {isa = PBXFileReference; lastKnownFileType = folder.assetcatalog; path = Assets.xcassets; sourceTree = "<group>"; };
		1E6189912B0B9CB40068A0B2 /* Base */ = {isa = PBXFileReference; lastKnownFileType = file.storyboard; name = Base; path = Base.lproj/LaunchScreen.storyboard; sourceTree = "<group>"; };
		1E6189932B0B9CB40068A0B2 /* Info.plist */ = {isa = PBXFileReference; lastKnownFileType = text.plist.xml; path = Info.plist; sourceTree = "<group>"; };
		1E6189982B0B9CB50068A0B2 /* PhotoWeatherAppTests.xctest */ = {isa = PBXFileReference; explicitFileType = wrapper.cfbundle; includeInIndex = 0; path = PhotoWeatherAppTests.xctest; sourceTree = BUILT_PRODUCTS_DIR; };
		1E61899C2B0B9CB50068A0B2 /* PhotoWeatherAppTests.swift */ = {isa = PBXFileReference; lastKnownFileType = sourcecode.swift; path = PhotoWeatherAppTests.swift; sourceTree = "<group>"; };
		1E6189A22B0B9CB50068A0B2 /* PhotoWeatherAppUITests.xctest */ = {isa = PBXFileReference; explicitFileType = wrapper.cfbundle; includeInIndex = 0; path = PhotoWeatherAppUITests.xctest; sourceTree = BUILT_PRODUCTS_DIR; };
		1E6189A62B0B9CB50068A0B2 /* PhotoWeatherAppUITests.swift */ = {isa = PBXFileReference; lastKnownFileType = sourcecode.swift; path = PhotoWeatherAppUITests.swift; sourceTree = "<group>"; };
		1E6189A82B0B9CB50068A0B2 /* PhotoWeatherAppUITestsLaunchTests.swift */ = {isa = PBXFileReference; lastKnownFileType = sourcecode.swift; path = PhotoWeatherAppUITestsLaunchTests.swift; sourceTree = "<group>"; };
		1EF8FF422B0BC04E00202A2D /* ImagePicker.swift */ = {isa = PBXFileReference; lastKnownFileType = sourcecode.swift; path = ImagePicker.swift; sourceTree = "<group>"; };
		4E00932AE1B316F60E98B30A /* Pods-PhotoWeatherAppTests.release.xcconfig */ = {isa = PBXFileReference; includeInIndex = 1; lastKnownFileType = text.xcconfig; name = "Pods-PhotoWeatherAppTests.release.xcconfig"; path = "Target Support Files/Pods-PhotoWeatherAppTests/Pods-PhotoWeatherAppTests.release.xcconfig"; sourceTree = "<group>"; };
		6CD144E50EBC7E57C1B0E949 /* Pods_PhotoWeatherApp.framework */ = {isa = PBXFileReference; explicitFileType = wrapper.framework; includeInIndex = 0; path = Pods_PhotoWeatherApp.framework; sourceTree = BUILT_PRODUCTS_DIR; };
		72607FC4B1A17B7DF1C8402A /* Pods_PhotoWeatherAppTests.framework */ = {isa = PBXFileReference; explicitFileType = wrapper.framework; includeInIndex = 0; path = Pods_PhotoWeatherAppTests.framework; sourceTree = BUILT_PRODUCTS_DIR; };
		86F1B8C0B10BC50AEFF3E54D /* Pods-PhotoWeatherApp.release.xcconfig */ = {isa = PBXFileReference; includeInIndex = 1; lastKnownFileType = text.xcconfig; name = "Pods-PhotoWeatherApp.release.xcconfig"; path = "Target Support Files/Pods-PhotoWeatherApp/Pods-PhotoWeatherApp.release.xcconfig"; sourceTree = "<group>"; };
		B2357E5B086495803EAA80A0 /* Pods-PhotoWeatherAppTests.debug.xcconfig */ = {isa = PBXFileReference; includeInIndex = 1; lastKnownFileType = text.xcconfig; name = "Pods-PhotoWeatherAppTests.debug.xcconfig"; path = "Target Support Files/Pods-PhotoWeatherAppTests/Pods-PhotoWeatherAppTests.debug.xcconfig"; sourceTree = "<group>"; };
		B6AC0D63BC16933F1276E035 /* Pods-PhotoWeatherApp-PhotoWeatherAppUITests.release.xcconfig */ = {isa = PBXFileReference; includeInIndex = 1; lastKnownFileType = text.xcconfig; name = "Pods-PhotoWeatherApp-PhotoWeatherAppUITests.release.xcconfig"; path = "Target Support Files/Pods-PhotoWeatherApp-PhotoWeatherAppUITests/Pods-PhotoWeatherApp-PhotoWeatherAppUITests.release.xcconfig"; sourceTree = "<group>"; };
		D0BC642F9F693BA0EE6210F4 /* Pods-PhotoWeatherApp.debug.xcconfig */ = {isa = PBXFileReference; includeInIndex = 1; lastKnownFileType = text.xcconfig; name = "Pods-PhotoWeatherApp.debug.xcconfig"; path = "Target Support Files/Pods-PhotoWeatherApp/Pods-PhotoWeatherApp.debug.xcconfig"; sourceTree = "<group>"; };
		EC07C33DBF9243C31846AD00 /* Pods_PhotoWeatherApp_PhotoWeatherAppUITests.framework */ = {isa = PBXFileReference; explicitFileType = wrapper.framework; includeInIndex = 0; path = Pods_PhotoWeatherApp_PhotoWeatherAppUITests.framework; sourceTree = BUILT_PRODUCTS_DIR; };
/* End PBXFileReference section */

/* Begin PBXFrameworksBuildPhase section */
		1E61897C2B0B9CB30068A0B2 /* Frameworks */ = {
			isa = PBXFrameworksBuildPhase;
			buildActionMask = 2147483647;
			files = (
				B6FE6E6998B95429D983DAEA /* Pods_PhotoWeatherApp.framework in Frameworks */,
			);
			runOnlyForDeploymentPostprocessing = 0;
		};
		1E6189952B0B9CB50068A0B2 /* Frameworks */ = {
			isa = PBXFrameworksBuildPhase;
			buildActionMask = 2147483647;
			files = (
				6987FA58BE8E0D44CBC0748C /* Pods_PhotoWeatherAppTests.framework in Frameworks */,
			);
			runOnlyForDeploymentPostprocessing = 0;
		};
		1E61899F2B0B9CB50068A0B2 /* Frameworks */ = {
			isa = PBXFrameworksBuildPhase;
			buildActionMask = 2147483647;
			files = (
				E910DD8D605940C4B2CA924E /* Pods_PhotoWeatherApp_PhotoWeatherAppUITests.framework in Frameworks */,
			);
			runOnlyForDeploymentPostprocessing = 0;
		};
/* End PBXFrameworksBuildPhase section */

/* Begin PBXGroup section */
		1E2D97322B0BE93100C0101F /* UI */ = {
			isa = PBXGroup;
			children = (
				1EF8FF422B0BC04E00202A2D /* ImagePicker.swift */,
			);
			path = UI;
			sourceTree = "<group>";
		};
		1E2D97352B0BE98A00C0101F /* Services */ = {
			isa = PBXGroup;
			children = (
				1E2D97382B0BEA4600C0101F /* ImageMetaDecoder.swift */,
				1E2D973A2B0BED7500C0101F /* PhotoLibraryAuthorizer.swift */,
			);
			path = Services;
			sourceTree = "<group>";
		};
		1E6189762B0B9CB20068A0B2 = {
			isa = PBXGroup;
			children = (
				1E6189812B0B9CB30068A0B2 /* PhotoWeatherApp */,
				1E61899B2B0B9CB50068A0B2 /* PhotoWeatherAppTests */,
				1E6189A52B0B9CB50068A0B2 /* PhotoWeatherAppUITests */,
				1E6189802B0B9CB30068A0B2 /* Products */,
				A7F70A2DBEB1761F029FF300 /* Pods */,
				E1667DE5A811A5EA55A334AB /* Frameworks */,
			);
			sourceTree = "<group>";
		};
		1E6189802B0B9CB30068A0B2 /* Products */ = {
			isa = PBXGroup;
			children = (
				1E61897F2B0B9CB30068A0B2 /* Photo Weather.app */,
				1E6189982B0B9CB50068A0B2 /* PhotoWeatherAppTests.xctest */,
				1E6189A22B0B9CB50068A0B2 /* PhotoWeatherAppUITests.xctest */,
			);
			name = Products;
			sourceTree = "<group>";
		};
		1E6189812B0B9CB30068A0B2 /* PhotoWeatherApp */ = {
			isa = PBXGroup;
			children = (
				1E2D97352B0BE98A00C0101F /* Services */,
				1EF8FF412B0BACB500202A2D /* Assets */,
				1E88E5202B0BAB3800865BF3 /* Delegates */,
				1E88E51F2B0BAB1000865BF3 /* Data */,
				1E88E51E2B0BAAE000865BF3 /* Views */,
				1E88E51D2B0BAACC00865BF3 /* Models */,
				1E88E51C2B0BAABB00865BF3 /* Controllers */,
				1E6189932B0B9CB40068A0B2 /* Info.plist */,
			);
			path = PhotoWeatherApp;
			sourceTree = "<group>";
		};
		1E61899B2B0B9CB50068A0B2 /* PhotoWeatherAppTests */ = {
			isa = PBXGroup;
			children = (
				1E61899C2B0B9CB50068A0B2 /* PhotoWeatherAppTests.swift */,
			);
			path = PhotoWeatherAppTests;
			sourceTree = "<group>";
		};
		1E6189A52B0B9CB50068A0B2 /* PhotoWeatherAppUITests */ = {
			isa = PBXGroup;
			children = (
				1E6189A62B0B9CB50068A0B2 /* PhotoWeatherAppUITests.swift */,
				1E6189A82B0B9CB50068A0B2 /* PhotoWeatherAppUITestsLaunchTests.swift */,
			);
			path = PhotoWeatherAppUITests;
			sourceTree = "<group>";
		};
		1E88E51C2B0BAABB00865BF3 /* Controllers */ = {
			isa = PBXGroup;
			children = (
				1E6189862B0B9CB30068A0B2 /* MainViewController.swift */,
			);
			path = Controllers;
			sourceTree = "<group>";
		};
		1E88E51D2B0BAACC00865BF3 /* Models */ = {
			isa = PBXGroup;
			children = (
				1E2D97322B0BE93100C0101F /* UI */,
				1E2D97362B0BE9F400C0101F /* ImageMeta.swift */,
			);
			path = Models;
			sourceTree = "<group>";
		};
		1E88E51E2B0BAAE000865BF3 /* Views */ = {
			isa = PBXGroup;
			children = (
				1E6189882B0B9CB30068A0B2 /* Main.storyboard */,
				1E6189902B0B9CB40068A0B2 /* LaunchScreen.storyboard */,
			);
			path = Views;
			sourceTree = "<group>";
		};
		1E88E51F2B0BAB1000865BF3 /* Data */ = {
			isa = PBXGroup;
			children = (
				1E61898B2B0B9CB30068A0B2 /* PhotoWeatherApp.xcdatamodeld */,
			);
			path = Data;
			sourceTree = "<group>";
		};
		1E88E5202B0BAB3800865BF3 /* Delegates */ = {
			isa = PBXGroup;
			children = (
				1E6189822B0B9CB30068A0B2 /* AppDelegate.swift */,
				1E6189842B0B9CB30068A0B2 /* SceneDelegate.swift */,
			);
			path = Delegates;
			sourceTree = "<group>";
		};
		1EF8FF412B0BACB500202A2D /* Assets */ = {
			isa = PBXGroup;
			children = (
				1E61898E2B0B9CB40068A0B2 /* Assets.xcassets */,
			);
			path = Assets;
			sourceTree = "<group>";
		};
		A7F70A2DBEB1761F029FF300 /* Pods */ = {
			isa = PBXGroup;
			children = (
				D0BC642F9F693BA0EE6210F4 /* Pods-PhotoWeatherApp.debug.xcconfig */,
				86F1B8C0B10BC50AEFF3E54D /* Pods-PhotoWeatherApp.release.xcconfig */,
				1DD0EA005878EA156686C227 /* Pods-PhotoWeatherApp-PhotoWeatherAppUITests.debug.xcconfig */,
				B6AC0D63BC16933F1276E035 /* Pods-PhotoWeatherApp-PhotoWeatherAppUITests.release.xcconfig */,
				B2357E5B086495803EAA80A0 /* Pods-PhotoWeatherAppTests.debug.xcconfig */,
				4E00932AE1B316F60E98B30A /* Pods-PhotoWeatherAppTests.release.xcconfig */,
			);
			path = Pods;
			sourceTree = "<group>";
		};
		E1667DE5A811A5EA55A334AB /* Frameworks */ = {
			isa = PBXGroup;
			children = (
				6CD144E50EBC7E57C1B0E949 /* Pods_PhotoWeatherApp.framework */,
				EC07C33DBF9243C31846AD00 /* Pods_PhotoWeatherApp_PhotoWeatherAppUITests.framework */,
				72607FC4B1A17B7DF1C8402A /* Pods_PhotoWeatherAppTests.framework */,
			);
			name = Frameworks;
			sourceTree = "<group>";
		};
/* End PBXGroup section */

/* Begin PBXNativeTarget section */
		1E61897E2B0B9CB30068A0B2 /* PhotoWeatherApp */ = {
			isa = PBXNativeTarget;
			buildConfigurationList = 1E6189AC2B0B9CB50068A0B2 /* Build configuration list for PBXNativeTarget "PhotoWeatherApp" */;
			buildPhases = (
				23F88F1928BEEA6CC59661D3 /* [CP] Check Pods Manifest.lock */,
				1E61897B2B0B9CB30068A0B2 /* Sources */,
				1E61897C2B0B9CB30068A0B2 /* Frameworks */,
				1E61897D2B0B9CB30068A0B2 /* Resources */,
				8251DF28396C277840FFE15C /* [CP] Embed Pods Frameworks */,
			);
			buildRules = (
			);
			dependencies = (
			);
			name = PhotoWeatherApp;
			productName = PhotoWeatherApp;
			productReference = 1E61897F2B0B9CB30068A0B2 /* Photo Weather.app */;
			productType = "com.apple.product-type.application";
		};
		1E6189972B0B9CB50068A0B2 /* PhotoWeatherAppTests */ = {
			isa = PBXNativeTarget;
			buildConfigurationList = 1E6189AF2B0B9CB50068A0B2 /* Build configuration list for PBXNativeTarget "PhotoWeatherAppTests" */;
			buildPhases = (
				22D6D0E085ACEF6A0D268693 /* [CP] Check Pods Manifest.lock */,
				1E6189942B0B9CB50068A0B2 /* Sources */,
				1E6189952B0B9CB50068A0B2 /* Frameworks */,
				1E6189962B0B9CB50068A0B2 /* Resources */,
			);
			buildRules = (
			);
			dependencies = (
				1E61899A2B0B9CB50068A0B2 /* PBXTargetDependency */,
			);
			name = PhotoWeatherAppTests;
			productName = PhotoWeatherAppTests;
			productReference = 1E6189982B0B9CB50068A0B2 /* PhotoWeatherAppTests.xctest */;
			productType = "com.apple.product-type.bundle.unit-test";
		};
		1E6189A12B0B9CB50068A0B2 /* PhotoWeatherAppUITests */ = {
			isa = PBXNativeTarget;
			buildConfigurationList = 1E6189B22B0B9CB50068A0B2 /* Build configuration list for PBXNativeTarget "PhotoWeatherAppUITests" */;
			buildPhases = (
				862AA09A8894026E25DE2101 /* [CP] Check Pods Manifest.lock */,
				1E61899E2B0B9CB50068A0B2 /* Sources */,
				1E61899F2B0B9CB50068A0B2 /* Frameworks */,
				1E6189A02B0B9CB50068A0B2 /* Resources */,
				7415A370D829D870A4181AF4 /* [CP] Embed Pods Frameworks */,
			);
			buildRules = (
			);
			dependencies = (
				1E6189A42B0B9CB50068A0B2 /* PBXTargetDependency */,
			);
			name = PhotoWeatherAppUITests;
			productName = PhotoWeatherAppUITests;
			productReference = 1E6189A22B0B9CB50068A0B2 /* PhotoWeatherAppUITests.xctest */;
			productType = "com.apple.product-type.bundle.ui-testing";
		};
/* End PBXNativeTarget section */

/* Begin PBXProject section */
		1E6189772B0B9CB30068A0B2 /* Project object */ = {
			isa = PBXProject;
			attributes = {
				BuildIndependentTargetsInParallel = 1;
				LastSwiftUpdateCheck = 1500;
				LastUpgradeCheck = 1500;
				TargetAttributes = {
					1E61897E2B0B9CB30068A0B2 = {
						CreatedOnToolsVersion = 15.0;
					};
					1E6189972B0B9CB50068A0B2 = {
						CreatedOnToolsVersion = 15.0;
						TestTargetID = 1E61897E2B0B9CB30068A0B2;
					};
					1E6189A12B0B9CB50068A0B2 = {
						CreatedOnToolsVersion = 15.0;
						TestTargetID = 1E61897E2B0B9CB30068A0B2;
					};
				};
			};
			buildConfigurationList = 1E61897A2B0B9CB30068A0B2 /* Build configuration list for PBXProject "PhotoWeatherApp" */;
			compatibilityVersion = "Xcode 14.0";
			developmentRegion = en;
			hasScannedForEncodings = 0;
			knownRegions = (
				en,
				Base,
			);
			mainGroup = 1E6189762B0B9CB20068A0B2;
			productRefGroup = 1E6189802B0B9CB30068A0B2 /* Products */;
			projectDirPath = "";
			projectRoot = "";
			targets = (
				1E61897E2B0B9CB30068A0B2 /* PhotoWeatherApp */,
				1E6189972B0B9CB50068A0B2 /* PhotoWeatherAppTests */,
				1E6189A12B0B9CB50068A0B2 /* PhotoWeatherAppUITests */,
			);
		};
/* End PBXProject section */

/* Begin PBXResourcesBuildPhase section */
		1E61897D2B0B9CB30068A0B2 /* Resources */ = {
			isa = PBXResourcesBuildPhase;
			buildActionMask = 2147483647;
			files = (
				1E6189922B0B9CB40068A0B2 /* LaunchScreen.storyboard in Resources */,
				1E61898F2B0B9CB40068A0B2 /* Assets.xcassets in Resources */,
				1E61898A2B0B9CB30068A0B2 /* Main.storyboard in Resources */,
			);
			runOnlyForDeploymentPostprocessing = 0;
		};
		1E6189962B0B9CB50068A0B2 /* Resources */ = {
			isa = PBXResourcesBuildPhase;
			buildActionMask = 2147483647;
			files = (
			);
			runOnlyForDeploymentPostprocessing = 0;
		};
		1E6189A02B0B9CB50068A0B2 /* Resources */ = {
			isa = PBXResourcesBuildPhase;
			buildActionMask = 2147483647;
			files = (
			);
			runOnlyForDeploymentPostprocessing = 0;
		};
/* End PBXResourcesBuildPhase section */

/* Begin PBXShellScriptBuildPhase section */
		22D6D0E085ACEF6A0D268693 /* [CP] Check Pods Manifest.lock */ = {
			isa = PBXShellScriptBuildPhase;
			buildActionMask = 2147483647;
			files = (
			);
			inputFileListPaths = (
			);
			inputPaths = (
				"${PODS_PODFILE_DIR_PATH}/Podfile.lock",
				"${PODS_ROOT}/Manifest.lock",
			);
			name = "[CP] Check Pods Manifest.lock";
			outputFileListPaths = (
			);
			outputPaths = (
				"$(DERIVED_FILE_DIR)/Pods-PhotoWeatherAppTests-checkManifestLockResult.txt",
			);
			runOnlyForDeploymentPostprocessing = 0;
			shellPath = /bin/sh;
			shellScript = "diff \"${PODS_PODFILE_DIR_PATH}/Podfile.lock\" \"${PODS_ROOT}/Manifest.lock\" > /dev/null\nif [ $? != 0 ] ; then\n    # print error to STDERR\n    echo \"error: The sandbox is not in sync with the Podfile.lock. Run 'pod install' or update your CocoaPods installation.\" >&2\n    exit 1\nfi\n# This output is used by Xcode 'outputs' to avoid re-running this script phase.\necho \"SUCCESS\" > \"${SCRIPT_OUTPUT_FILE_0}\"\n";
			showEnvVarsInLog = 0;
		};
		23F88F1928BEEA6CC59661D3 /* [CP] Check Pods Manifest.lock */ = {
			isa = PBXShellScriptBuildPhase;
			buildActionMask = 2147483647;
			files = (
			);
			inputFileListPaths = (
			);
			inputPaths = (
				"${PODS_PODFILE_DIR_PATH}/Podfile.lock",
				"${PODS_ROOT}/Manifest.lock",
			);
			name = "[CP] Check Pods Manifest.lock";
			outputFileListPaths = (
			);
			outputPaths = (
				"$(DERIVED_FILE_DIR)/Pods-PhotoWeatherApp-checkManifestLockResult.txt",
			);
			runOnlyForDeploymentPostprocessing = 0;
			shellPath = /bin/sh;
			shellScript = "diff \"${PODS_PODFILE_DIR_PATH}/Podfile.lock\" \"${PODS_ROOT}/Manifest.lock\" > /dev/null\nif [ $? != 0 ] ; then\n    # print error to STDERR\n    echo \"error: The sandbox is not in sync with the Podfile.lock. Run 'pod install' or update your CocoaPods installation.\" >&2\n    exit 1\nfi\n# This output is used by Xcode 'outputs' to avoid re-running this script phase.\necho \"SUCCESS\" > \"${SCRIPT_OUTPUT_FILE_0}\"\n";
			showEnvVarsInLog = 0;
		};
		7415A370D829D870A4181AF4 /* [CP] Embed Pods Frameworks */ = {
			isa = PBXShellScriptBuildPhase;
			buildActionMask = 2147483647;
			files = (
			);
			inputFileListPaths = (
				"${PODS_ROOT}/Target Support Files/Pods-PhotoWeatherApp-PhotoWeatherAppUITests/Pods-PhotoWeatherApp-PhotoWeatherAppUITests-frameworks-${CONFIGURATION}-input-files.xcfilelist",
			);
			name = "[CP] Embed Pods Frameworks";
			outputFileListPaths = (
				"${PODS_ROOT}/Target Support Files/Pods-PhotoWeatherApp-PhotoWeatherAppUITests/Pods-PhotoWeatherApp-PhotoWeatherAppUITests-frameworks-${CONFIGURATION}-output-files.xcfilelist",
			);
			runOnlyForDeploymentPostprocessing = 0;
			shellPath = /bin/sh;
			shellScript = "\"${PODS_ROOT}/Target Support Files/Pods-PhotoWeatherApp-PhotoWeatherAppUITests/Pods-PhotoWeatherApp-PhotoWeatherAppUITests-frameworks.sh\"\n";
			showEnvVarsInLog = 0;
		};
		8251DF28396C277840FFE15C /* [CP] Embed Pods Frameworks */ = {
			isa = PBXShellScriptBuildPhase;
			buildActionMask = 2147483647;
			files = (
			);
			inputFileListPaths = (
				"${PODS_ROOT}/Target Support Files/Pods-PhotoWeatherApp/Pods-PhotoWeatherApp-frameworks-${CONFIGURATION}-input-files.xcfilelist",
			);
			name = "[CP] Embed Pods Frameworks";
			outputFileListPaths = (
				"${PODS_ROOT}/Target Support Files/Pods-PhotoWeatherApp/Pods-PhotoWeatherApp-frameworks-${CONFIGURATION}-output-files.xcfilelist",
			);
			runOnlyForDeploymentPostprocessing = 0;
			shellPath = /bin/sh;
			shellScript = "\"${PODS_ROOT}/Target Support Files/Pods-PhotoWeatherApp/Pods-PhotoWeatherApp-frameworks.sh\"\n";
			showEnvVarsInLog = 0;
		};
		862AA09A8894026E25DE2101 /* [CP] Check Pods Manifest.lock */ = {
			isa = PBXShellScriptBuildPhase;
			buildActionMask = 2147483647;
			files = (
			);
			inputFileListPaths = (
			);
			inputPaths = (
				"${PODS_PODFILE_DIR_PATH}/Podfile.lock",
				"${PODS_ROOT}/Manifest.lock",
			);
			name = "[CP] Check Pods Manifest.lock";
			outputFileListPaths = (
			);
			outputPaths = (
				"$(DERIVED_FILE_DIR)/Pods-PhotoWeatherApp-PhotoWeatherAppUITests-checkManifestLockResult.txt",
			);
			runOnlyForDeploymentPostprocessing = 0;
			shellPath = /bin/sh;
			shellScript = "diff \"${PODS_PODFILE_DIR_PATH}/Podfile.lock\" \"${PODS_ROOT}/Manifest.lock\" > /dev/null\nif [ $? != 0 ] ; then\n    # print error to STDERR\n    echo \"error: The sandbox is not in sync with the Podfile.lock. Run 'pod install' or update your CocoaPods installation.\" >&2\n    exit 1\nfi\n# This output is used by Xcode 'outputs' to avoid re-running this script phase.\necho \"SUCCESS\" > \"${SCRIPT_OUTPUT_FILE_0}\"\n";
			showEnvVarsInLog = 0;
		};
/* End PBXShellScriptBuildPhase section */

/* Begin PBXSourcesBuildPhase section */
		1E61897B2B0B9CB30068A0B2 /* Sources */ = {
			isa = PBXSourcesBuildPhase;
			buildActionMask = 2147483647;
			files = (
				1E6189872B0B9CB30068A0B2 /* MainViewController.swift in Sources */,
				1E6189832B0B9CB30068A0B2 /* AppDelegate.swift in Sources */,
				1EF8FF432B0BC04E00202A2D /* ImagePicker.swift in Sources */,
				1E2D973B2B0BED7500C0101F /* PhotoLibraryAuthorizer.swift in Sources */,
				1E2D97392B0BEA4600C0101F /* ImageMetaDecoder.swift in Sources */,
				1E6189852B0B9CB30068A0B2 /* SceneDelegate.swift in Sources */,
				1E2D97372B0BE9F400C0101F /* ImageMeta.swift in Sources */,
				1E61898D2B0B9CB30068A0B2 /* PhotoWeatherApp.xcdatamodeld in Sources */,
			);
			runOnlyForDeploymentPostprocessing = 0;
		};
		1E6189942B0B9CB50068A0B2 /* Sources */ = {
			isa = PBXSourcesBuildPhase;
			buildActionMask = 2147483647;
			files = (
				1E61899D2B0B9CB50068A0B2 /* PhotoWeatherAppTests.swift in Sources */,
			);
			runOnlyForDeploymentPostprocessing = 0;
		};
		1E61899E2B0B9CB50068A0B2 /* Sources */ = {
			isa = PBXSourcesBuildPhase;
			buildActionMask = 2147483647;
			files = (
				1E6189A92B0B9CB50068A0B2 /* PhotoWeatherAppUITestsLaunchTests.swift in Sources */,
				1E6189A72B0B9CB50068A0B2 /* PhotoWeatherAppUITests.swift in Sources */,
			);
			runOnlyForDeploymentPostprocessing = 0;
		};
/* End PBXSourcesBuildPhase section */

/* Begin PBXTargetDependency section */
		1E61899A2B0B9CB50068A0B2 /* PBXTargetDependency */ = {
			isa = PBXTargetDependency;
			target = 1E61897E2B0B9CB30068A0B2 /* PhotoWeatherApp */;
			targetProxy = 1E6189992B0B9CB50068A0B2 /* PBXContainerItemProxy */;
		};
		1E6189A42B0B9CB50068A0B2 /* PBXTargetDependency */ = {
			isa = PBXTargetDependency;
			target = 1E61897E2B0B9CB30068A0B2 /* PhotoWeatherApp */;
			targetProxy = 1E6189A32B0B9CB50068A0B2 /* PBXContainerItemProxy */;
		};
/* End PBXTargetDependency section */

/* Begin PBXVariantGroup section */
		1E6189882B0B9CB30068A0B2 /* Main.storyboard */ = {
			isa = PBXVariantGroup;
			children = (
				1E6189892B0B9CB30068A0B2 /* Base */,
			);
			name = Main.storyboard;
			sourceTree = "<group>";
		};
		1E6189902B0B9CB40068A0B2 /* LaunchScreen.storyboard */ = {
			isa = PBXVariantGroup;
			children = (
				1E6189912B0B9CB40068A0B2 /* Base */,
			);
			name = LaunchScreen.storyboard;
			sourceTree = "<group>";
		};
/* End PBXVariantGroup section */

/* Begin XCBuildConfiguration section */
		1E6189AA2B0B9CB50068A0B2 /* Debug */ = {
			isa = XCBuildConfiguration;
			buildSettings = {
				ALWAYS_SEARCH_USER_PATHS = NO;
				ASSETCATALOG_COMPILER_GENERATE_SWIFT_ASSET_SYMBOL_EXTENSIONS = YES;
				CLANG_ANALYZER_NONNULL = YES;
				CLANG_ANALYZER_NUMBER_OBJECT_CONVERSION = YES_AGGRESSIVE;
				CLANG_CXX_LANGUAGE_STANDARD = "gnu++20";
				CLANG_ENABLE_MODULES = YES;
				CLANG_ENABLE_OBJC_ARC = YES;
				CLANG_ENABLE_OBJC_WEAK = YES;
				CLANG_WARN_BLOCK_CAPTURE_AUTORELEASING = YES;
				CLANG_WARN_BOOL_CONVERSION = YES;
				CLANG_WARN_COMMA = YES;
				CLANG_WARN_CONSTANT_CONVERSION = YES;
				CLANG_WARN_DEPRECATED_OBJC_IMPLEMENTATIONS = YES;
				CLANG_WARN_DIRECT_OBJC_ISA_USAGE = YES_ERROR;
				CLANG_WARN_DOCUMENTATION_COMMENTS = YES;
				CLANG_WARN_EMPTY_BODY = YES;
				CLANG_WARN_ENUM_CONVERSION = YES;
				CLANG_WARN_INFINITE_RECURSION = YES;
				CLANG_WARN_INT_CONVERSION = YES;
				CLANG_WARN_NON_LITERAL_NULL_CONVERSION = YES;
				CLANG_WARN_OBJC_IMPLICIT_RETAIN_SELF = YES;
				CLANG_WARN_OBJC_LITERAL_CONVERSION = YES;
				CLANG_WARN_OBJC_ROOT_CLASS = YES_ERROR;
				CLANG_WARN_QUOTED_INCLUDE_IN_FRAMEWORK_HEADER = YES;
				CLANG_WARN_RANGE_LOOP_ANALYSIS = YES;
				CLANG_WARN_STRICT_PROTOTYPES = YES;
				CLANG_WARN_SUSPICIOUS_MOVE = YES;
				CLANG_WARN_UNGUARDED_AVAILABILITY = YES_AGGRESSIVE;
				CLANG_WARN_UNREACHABLE_CODE = YES;
				CLANG_WARN__DUPLICATE_METHOD_MATCH = YES;
				COPY_PHASE_STRIP = NO;
				DEBUG_INFORMATION_FORMAT = dwarf;
				ENABLE_STRICT_OBJC_MSGSEND = YES;
				ENABLE_TESTABILITY = YES;
				ENABLE_USER_SCRIPT_SANDBOXING = NO;
				GCC_C_LANGUAGE_STANDARD = gnu17;
				GCC_DYNAMIC_NO_PIC = NO;
				GCC_NO_COMMON_BLOCKS = YES;
				GCC_OPTIMIZATION_LEVEL = 0;
				GCC_PREPROCESSOR_DEFINITIONS = (
					"DEBUG=1",
					"$(inherited)",
				);
				GCC_WARN_64_TO_32_BIT_CONVERSION = YES;
				GCC_WARN_ABOUT_RETURN_TYPE = YES_ERROR;
				GCC_WARN_UNDECLARED_SELECTOR = YES;
				GCC_WARN_UNINITIALIZED_AUTOS = YES_AGGRESSIVE;
				GCC_WARN_UNUSED_FUNCTION = YES;
				GCC_WARN_UNUSED_VARIABLE = YES;
				IPHONEOS_DEPLOYMENT_TARGET = 17.0;
				LOCALIZATION_PREFERS_STRING_CATALOGS = YES;
				MTL_ENABLE_DEBUG_INFO = INCLUDE_SOURCE;
				MTL_FAST_MATH = YES;
				ONLY_ACTIVE_ARCH = YES;
				SDKROOT = iphoneos;
				SWIFT_ACTIVE_COMPILATION_CONDITIONS = "DEBUG $(inherited)";
				SWIFT_OPTIMIZATION_LEVEL = "-Onone";
			};
			name = Debug;
		};
		1E6189AB2B0B9CB50068A0B2 /* Release */ = {
			isa = XCBuildConfiguration;
			buildSettings = {
				ALWAYS_SEARCH_USER_PATHS = NO;
				ASSETCATALOG_COMPILER_GENERATE_SWIFT_ASSET_SYMBOL_EXTENSIONS = YES;
				CLANG_ANALYZER_NONNULL = YES;
				CLANG_ANALYZER_NUMBER_OBJECT_CONVERSION = YES_AGGRESSIVE;
				CLANG_CXX_LANGUAGE_STANDARD = "gnu++20";
				CLANG_ENABLE_MODULES = YES;
				CLANG_ENABLE_OBJC_ARC = YES;
				CLANG_ENABLE_OBJC_WEAK = YES;
				CLANG_WARN_BLOCK_CAPTURE_AUTORELEASING = YES;
				CLANG_WARN_BOOL_CONVERSION = YES;
				CLANG_WARN_COMMA = YES;
				CLANG_WARN_CONSTANT_CONVERSION = YES;
				CLANG_WARN_DEPRECATED_OBJC_IMPLEMENTATIONS = YES;
				CLANG_WARN_DIRECT_OBJC_ISA_USAGE = YES_ERROR;
				CLANG_WARN_DOCUMENTATION_COMMENTS = YES;
				CLANG_WARN_EMPTY_BODY = YES;
				CLANG_WARN_ENUM_CONVERSION = YES;
				CLANG_WARN_INFINITE_RECURSION = YES;
				CLANG_WARN_INT_CONVERSION = YES;
				CLANG_WARN_NON_LITERAL_NULL_CONVERSION = YES;
				CLANG_WARN_OBJC_IMPLICIT_RETAIN_SELF = YES;
				CLANG_WARN_OBJC_LITERAL_CONVERSION = YES;
				CLANG_WARN_OBJC_ROOT_CLASS = YES_ERROR;
				CLANG_WARN_QUOTED_INCLUDE_IN_FRAMEWORK_HEADER = YES;
				CLANG_WARN_RANGE_LOOP_ANALYSIS = YES;
				CLANG_WARN_STRICT_PROTOTYPES = YES;
				CLANG_WARN_SUSPICIOUS_MOVE = YES;
				CLANG_WARN_UNGUARDED_AVAILABILITY = YES_AGGRESSIVE;
				CLANG_WARN_UNREACHABLE_CODE = YES;
				CLANG_WARN__DUPLICATE_METHOD_MATCH = YES;
				COPY_PHASE_STRIP = NO;
				DEBUG_INFORMATION_FORMAT = "dwarf-with-dsym";
				ENABLE_NS_ASSERTIONS = NO;
				ENABLE_STRICT_OBJC_MSGSEND = YES;
				ENABLE_USER_SCRIPT_SANDBOXING = NO;
				GCC_C_LANGUAGE_STANDARD = gnu17;
				GCC_NO_COMMON_BLOCKS = YES;
				GCC_WARN_64_TO_32_BIT_CONVERSION = YES;
				GCC_WARN_ABOUT_RETURN_TYPE = YES_ERROR;
				GCC_WARN_UNDECLARED_SELECTOR = YES;
				GCC_WARN_UNINITIALIZED_AUTOS = YES_AGGRESSIVE;
				GCC_WARN_UNUSED_FUNCTION = YES;
				GCC_WARN_UNUSED_VARIABLE = YES;
				IPHONEOS_DEPLOYMENT_TARGET = 17.0;
				LOCALIZATION_PREFERS_STRING_CATALOGS = YES;
				MTL_ENABLE_DEBUG_INFO = NO;
				MTL_FAST_MATH = YES;
				SDKROOT = iphoneos;
				SWIFT_COMPILATION_MODE = wholemodule;
				VALIDATE_PRODUCT = YES;
			};
			name = Release;
		};
		1E6189AD2B0B9CB50068A0B2 /* Debug */ = {
			isa = XCBuildConfiguration;
			baseConfigurationReference = D0BC642F9F693BA0EE6210F4 /* Pods-PhotoWeatherApp.debug.xcconfig */;
			buildSettings = {
				ASSETCATALOG_COMPILER_APPICON_NAME = AppIcon;
				ASSETCATALOG_COMPILER_GLOBAL_ACCENT_COLOR_NAME = AccentColor;
				CODE_SIGN_IDENTITY = "Apple Development";
				CODE_SIGN_STYLE = Automatic;
				CURRENT_PROJECT_VERSION = 1;
				DEVELOPMENT_TEAM = 96UP5SBRGS;
				GENERATE_INFOPLIST_FILE = YES;
				INFOPLIST_FILE = PhotoWeatherApp/Info.plist;
				INFOPLIST_KEY_CFBundleDisplayName = "Photo Weather";
				INFOPLIST_KEY_LSApplicationCategoryType = "public.app-category.weather";
				INFOPLIST_KEY_UIApplicationSupportsIndirectInputEvents = YES;
				INFOPLIST_KEY_UILaunchStoryboardName = LaunchScreen;
				INFOPLIST_KEY_UIMainStoryboardFile = Main;
				INFOPLIST_KEY_UISupportedInterfaceOrientations_iPad = "UIInterfaceOrientationPortrait UIInterfaceOrientationPortraitUpsideDown UIInterfaceOrientationLandscapeLeft UIInterfaceOrientationLandscapeRight";
				INFOPLIST_KEY_UISupportedInterfaceOrientations_iPhone = "UIInterfaceOrientationPortrait UIInterfaceOrientationLandscapeLeft UIInterfaceOrientationLandscapeRight";
				IPHONEOS_DEPLOYMENT_TARGET = 15.0;
				LD_RUNPATH_SEARCH_PATHS = (
					"$(inherited)",
					"@executable_path/Frameworks",
				);
				MARKETING_VERSION = 1.0;
				PRODUCT_BUNDLE_IDENTIFIER = com.ivaylo.petrov.PhotoWeatherApp;
				PRODUCT_NAME = "Photo Weather";
				PROVISIONING_PROFILE_SPECIFIER = "";
				SUPPORTED_PLATFORMS = "iphoneos iphonesimulator";
				SUPPORTS_MACCATALYST = NO;
				SUPPORTS_MAC_DESIGNED_FOR_IPHONE_IPAD = NO;
				SWIFT_EMIT_LOC_STRINGS = YES;
				SWIFT_VERSION = 5.0;
				TARGETED_DEVICE_FAMILY = "1,2";
			};
			name = Debug;
		};
		1E6189AE2B0B9CB50068A0B2 /* Release */ = {
			isa = XCBuildConfiguration;
			baseConfigurationReference = 86F1B8C0B10BC50AEFF3E54D /* Pods-PhotoWeatherApp.release.xcconfig */;
			buildSettings = {
				ASSETCATALOG_COMPILER_APPICON_NAME = AppIcon;
				ASSETCATALOG_COMPILER_GLOBAL_ACCENT_COLOR_NAME = AccentColor;
				CODE_SIGN_STYLE = Automatic;
				CURRENT_PROJECT_VERSION = 1;
				DEVELOPMENT_TEAM = 96UP5SBRGS;
				GENERATE_INFOPLIST_FILE = YES;
				INFOPLIST_FILE = PhotoWeatherApp/Info.plist;
				INFOPLIST_KEY_CFBundleDisplayName = "Photo Weather";
				INFOPLIST_KEY_LSApplicationCategoryType = "public.app-category.weather";
				INFOPLIST_KEY_UIApplicationSupportsIndirectInputEvents = YES;
				INFOPLIST_KEY_UILaunchStoryboardName = LaunchScreen;
				INFOPLIST_KEY_UIMainStoryboardFile = Main;
				INFOPLIST_KEY_UISupportedInterfaceOrientations_iPad = "UIInterfaceOrientationPortrait UIInterfaceOrientationPortraitUpsideDown UIInterfaceOrientationLandscapeLeft UIInterfaceOrientationLandscapeRight";
				INFOPLIST_KEY_UISupportedInterfaceOrientations_iPhone = "UIInterfaceOrientationPortrait UIInterfaceOrientationLandscapeLeft UIInterfaceOrientationLandscapeRight";
				IPHONEOS_DEPLOYMENT_TARGET = 15.0;
				LD_RUNPATH_SEARCH_PATHS = (
					"$(inherited)",
					"@executable_path/Frameworks",
				);
				MARKETING_VERSION = 1.0;
				PRODUCT_BUNDLE_IDENTIFIER = com.ivaylo.petrov.PhotoWeatherApp;
				PRODUCT_NAME = "Photo Weather";
				SUPPORTED_PLATFORMS = "iphoneos iphonesimulator";
				SUPPORTS_MACCATALYST = NO;
				SUPPORTS_MAC_DESIGNED_FOR_IPHONE_IPAD = NO;
				SWIFT_EMIT_LOC_STRINGS = YES;
				SWIFT_VERSION = 5.0;
				TARGETED_DEVICE_FAMILY = "1,2";
			};
			name = Release;
		};
		1E6189B02B0B9CB50068A0B2 /* Debug */ = {
			isa = XCBuildConfiguration;
			baseConfigurationReference = B2357E5B086495803EAA80A0 /* Pods-PhotoWeatherAppTests.debug.xcconfig */;
			buildSettings = {
				ALWAYS_EMBED_SWIFT_STANDARD_LIBRARIES = YES;
				BUNDLE_LOADER = "$(TEST_HOST)";
				CODE_SIGN_STYLE = Automatic;
				CURRENT_PROJECT_VERSION = 1;
				DEVELOPMENT_TEAM = SX4VPVL78K;
				GENERATE_INFOPLIST_FILE = YES;
				IPHONEOS_DEPLOYMENT_TARGET = 17.0;
				MARKETING_VERSION = 1.0;
				PRODUCT_BUNDLE_IDENTIFIER = com.ivayle.PhotoWeatherAppTests;
				PRODUCT_NAME = "$(TARGET_NAME)";
				SUPPORTED_PLATFORMS = "iphoneos iphonesimulator";
				SUPPORTS_MACCATALYST = NO;
				SUPPORTS_MAC_DESIGNED_FOR_IPHONE_IPAD = NO;
				SWIFT_EMIT_LOC_STRINGS = NO;
				SWIFT_VERSION = 5.0;
				TARGETED_DEVICE_FAMILY = "1,2";
				TEST_HOST = "$(BUILT_PRODUCTS_DIR)/PhotoWeatherApp.app/$(BUNDLE_EXECUTABLE_FOLDER_PATH)/PhotoWeatherApp";
			};
			name = Debug;
		};
		1E6189B12B0B9CB50068A0B2 /* Release */ = {
			isa = XCBuildConfiguration;
			baseConfigurationReference = 4E00932AE1B316F60E98B30A /* Pods-PhotoWeatherAppTests.release.xcconfig */;
			buildSettings = {
				ALWAYS_EMBED_SWIFT_STANDARD_LIBRARIES = YES;
				BUNDLE_LOADER = "$(TEST_HOST)";
				CODE_SIGN_STYLE = Automatic;
				CURRENT_PROJECT_VERSION = 1;
				DEVELOPMENT_TEAM = SX4VPVL78K;
				GENERATE_INFOPLIST_FILE = YES;
				IPHONEOS_DEPLOYMENT_TARGET = 17.0;
				MARKETING_VERSION = 1.0;
				PRODUCT_BUNDLE_IDENTIFIER = com.ivayle.PhotoWeatherAppTests;
				PRODUCT_NAME = "$(TARGET_NAME)";
				SUPPORTED_PLATFORMS = "iphoneos iphonesimulator";
				SUPPORTS_MACCATALYST = NO;
				SUPPORTS_MAC_DESIGNED_FOR_IPHONE_IPAD = NO;
				SWIFT_EMIT_LOC_STRINGS = NO;
				SWIFT_VERSION = 5.0;
				TARGETED_DEVICE_FAMILY = "1,2";
				TEST_HOST = "$(BUILT_PRODUCTS_DIR)/PhotoWeatherApp.app/$(BUNDLE_EXECUTABLE_FOLDER_PATH)/PhotoWeatherApp";
			};
			name = Release;
		};
		1E6189B32B0B9CB50068A0B2 /* Debug */ = {
			isa = XCBuildConfiguration;
			baseConfigurationReference = 1DD0EA005878EA156686C227 /* Pods-PhotoWeatherApp-PhotoWeatherAppUITests.debug.xcconfig */;
			buildSettings = {
				ALWAYS_EMBED_SWIFT_STANDARD_LIBRARIES = YES;
				CODE_SIGN_STYLE = Automatic;
				CURRENT_PROJECT_VERSION = 1;
				DEVELOPMENT_TEAM = SX4VPVL78K;
				GENERATE_INFOPLIST_FILE = YES;
				MARKETING_VERSION = 1.0;
				PRODUCT_BUNDLE_IDENTIFIER = com.ivayle.PhotoWeatherAppUITests;
				PRODUCT_NAME = "$(TARGET_NAME)";
				SWIFT_EMIT_LOC_STRINGS = NO;
				SWIFT_VERSION = 5.0;
				TARGETED_DEVICE_FAMILY = "1,2";
				TEST_TARGET_NAME = PhotoWeatherApp;
			};
			name = Debug;
		};
		1E6189B42B0B9CB50068A0B2 /* Release */ = {
			isa = XCBuildConfiguration;
			baseConfigurationReference = B6AC0D63BC16933F1276E035 /* Pods-PhotoWeatherApp-PhotoWeatherAppUITests.release.xcconfig */;
			buildSettings = {
				ALWAYS_EMBED_SWIFT_STANDARD_LIBRARIES = YES;
				CODE_SIGN_STYLE = Automatic;
				CURRENT_PROJECT_VERSION = 1;
				DEVELOPMENT_TEAM = SX4VPVL78K;
				GENERATE_INFOPLIST_FILE = YES;
				MARKETING_VERSION = 1.0;
				PRODUCT_BUNDLE_IDENTIFIER = com.ivayle.PhotoWeatherAppUITests;
				PRODUCT_NAME = "$(TARGET_NAME)";
				SWIFT_EMIT_LOC_STRINGS = NO;
				SWIFT_VERSION = 5.0;
				TARGETED_DEVICE_FAMILY = "1,2";
				TEST_TARGET_NAME = PhotoWeatherApp;
			};
			name = Release;
		};
/* End XCBuildConfiguration section */

/* Begin XCConfigurationList section */
		1E61897A2B0B9CB30068A0B2 /* Build configuration list for PBXProject "PhotoWeatherApp" */ = {
			isa = XCConfigurationList;
			buildConfigurations = (
				1E6189AA2B0B9CB50068A0B2 /* Debug */,
				1E6189AB2B0B9CB50068A0B2 /* Release */,
			);
			defaultConfigurationIsVisible = 0;
			defaultConfigurationName = Release;
		};
		1E6189AC2B0B9CB50068A0B2 /* Build configuration list for PBXNativeTarget "PhotoWeatherApp" */ = {
			isa = XCConfigurationList;
			buildConfigurations = (
				1E6189AD2B0B9CB50068A0B2 /* Debug */,
				1E6189AE2B0B9CB50068A0B2 /* Release */,
			);
			defaultConfigurationIsVisible = 0;
			defaultConfigurationName = Release;
		};
		1E6189AF2B0B9CB50068A0B2 /* Build configuration list for PBXNativeTarget "PhotoWeatherAppTests" */ = {
			isa = XCConfigurationList;
			buildConfigurations = (
				1E6189B02B0B9CB50068A0B2 /* Debug */,
				1E6189B12B0B9CB50068A0B2 /* Release */,
			);
			defaultConfigurationIsVisible = 0;
			defaultConfigurationName = Release;
		};
		1E6189B22B0B9CB50068A0B2 /* Build configuration list for PBXNativeTarget "PhotoWeatherAppUITests" */ = {
			isa = XCConfigurationList;
			buildConfigurations = (
				1E6189B32B0B9CB50068A0B2 /* Debug */,
				1E6189B42B0B9CB50068A0B2 /* Release */,
			);
			defaultConfigurationIsVisible = 0;
			defaultConfigurationName = Release;
		};
/* End XCConfigurationList section */

/* Begin XCVersionGroup section */
		1E61898B2B0B9CB30068A0B2 /* PhotoWeatherApp.xcdatamodeld */ = {
			isa = XCVersionGroup;
			children = (
				1E61898C2B0B9CB30068A0B2 /* PhotoWeatherApp.xcdatamodel */,
			);
			currentVersion = 1E61898C2B0B9CB30068A0B2 /* PhotoWeatherApp.xcdatamodel */;
			path = PhotoWeatherApp.xcdatamodeld;
			sourceTree = "<group>";
			versionGroupType = wrapper.xcdatamodel;
		};
/* End XCVersionGroup section */
	};
	rootObject = 1E6189772B0B9CB30068A0B2 /* Project object */;
}
